// !$*UTF8*$!
{
	archiveVersion = 1;
	classes = {
	};
	objectVersion = 56;
	objects = {

/* Begin PBXBuildFile section */
		24AEDB4003E2F8FACA8DC87B /* Pods_HW1.framework in Frameworks */ = {isa = PBXBuildFile; fileRef = 5E54A69D3C912FAEBBB7B56B /* Pods_HW1.framework */; };
		5431FCEC29DAD9AA00F20672 /* AppDelegate.swift in Sources */ = {isa = PBXBuildFile; fileRef = 5431FCEB29DAD9AA00F20672 /* AppDelegate.swift */; };
		5431FCEE29DAD9AA00F20672 /* SceneDelegate.swift in Sources */ = {isa = PBXBuildFile; fileRef = 5431FCED29DAD9AA00F20672 /* SceneDelegate.swift */; };
		5431FCF029DAD9AA00F20672 /* ViewController.swift in Sources */ = {isa = PBXBuildFile; fileRef = 5431FCEF29DAD9AA00F20672 /* ViewController.swift */; };
		5431FCF329DAD9AA00F20672 /* Main.storyboard in Resources */ = {isa = PBXBuildFile; fileRef = 5431FCF129DAD9AA00F20672 /* Main.storyboard */; };
		5431FCF529DAD9AC00F20672 /* Assets.xcassets in Resources */ = {isa = PBXBuildFile; fileRef = 5431FCF429DAD9AC00F20672 /* Assets.xcassets */; };
		5431FCF829DAD9AC00F20672 /* LaunchScreen.storyboard in Resources */ = {isa = PBXBuildFile; fileRef = 5431FCF629DAD9AC00F20672 /* LaunchScreen.storyboard */; };
		5431FD0129DADD1700F20672 /* TableViewCell.swift in Sources */ = {isa = PBXBuildFile; fileRef = 5431FCFF29DADD1700F20672 /* TableViewCell.swift */; };
		5431FD0229DADD1700F20672 /* TableViewCell.xib in Resources */ = {isa = PBXBuildFile; fileRef = 5431FD0029DADD1700F20672 /* TableViewCell.xib */; };
		5431FD0429DAE48F00F20672 /* details.swift in Sources */ = {isa = PBXBuildFile; fileRef = 5431FD0329DAE48F00F20672 /* details.swift */; };
		54C9512729DB0512005C1837 /* SecondViewController.swift in Sources */ = {isa = PBXBuildFile; fileRef = 54C9512529DB0512005C1837 /* SecondViewController.swift */; };
/* End PBXBuildFile section */

/* Begin PBXFileReference section */
		5431FCE829DAD9AA00F20672 /* HW1.app */ = {isa = PBXFileReference; explicitFileType = wrapper.application; includeInIndex = 0; path = HW1.app; sourceTree = BUILT_PRODUCTS_DIR; };
		5431FCEB29DAD9AA00F20672 /* AppDelegate.swift */ = {isa = PBXFileReference; lastKnownFileType = sourcecode.swift; path = AppDelegate.swift; sourceTree = "<group>"; };
		5431FCED29DAD9AA00F20672 /* SceneDelegate.swift */ = {isa = PBXFileReference; lastKnownFileType = sourcecode.swift; path = SceneDelegate.swift; sourceTree = "<group>"; };
		5431FCEF29DAD9AA00F20672 /* ViewController.swift */ = {isa = PBXFileReference; lastKnownFileType = sourcecode.swift; path = ViewController.swift; sourceTree = "<group>"; };
		5431FCF229DAD9AA00F20672 /* Base */ = {isa = PBXFileReference; lastKnownFileType = file.storyboard; name = Base; path = Base.lproj/Main.storyboard; sourceTree = "<group>"; };
		5431FCF429DAD9AC00F20672 /* Assets.xcassets */ = {isa = PBXFileReference; lastKnownFileType = folder.assetcatalog; path = Assets.xcassets; sourceTree = "<group>"; };
		5431FCF729DAD9AC00F20672 /* Base */ = {isa = PBXFileReference; lastKnownFileType = file.storyboard; name = Base; path = Base.lproj/LaunchScreen.storyboard; sourceTree = "<group>"; };
		5431FCF929DAD9AC00F20672 /* Info.plist */ = {isa = PBXFileReference; lastKnownFileType = text.plist.xml; path = Info.plist; sourceTree = "<group>"; };
		5431FCFF29DADD1700F20672 /* TableViewCell.swift */ = {isa = PBXFileReference; lastKnownFileType = sourcecode.swift; path = TableViewCell.swift; sourceTree = "<group>"; };
		5431FD0029DADD1700F20672 /* TableViewCell.xib */ = {isa = PBXFileReference; lastKnownFileType = file.xib; path = TableViewCell.xib; sourceTree = "<group>"; };
		5431FD0329DAE48F00F20672 /* details.swift */ = {isa = PBXFileReference; lastKnownFileType = sourcecode.swift; path = details.swift; sourceTree = "<group>"; };
		54C9512529DB0512005C1837 /* SecondViewController.swift */ = {isa = PBXFileReference; lastKnownFileType = sourcecode.swift; path = SecondViewController.swift; sourceTree = "<group>"; };
		5E54A69D3C912FAEBBB7B56B /* Pods_HW1.framework */ = {isa = PBXFileReference; explicitFileType = wrapper.framework; includeInIndex = 0; path = Pods_HW1.framework; sourceTree = BUILT_PRODUCTS_DIR; };
		6B16A8126166651881686B48 /* Pods-HW1.debug.xcconfig */ = {isa = PBXFileReference; includeInIndex = 1; lastKnownFileType = text.xcconfig; name = "Pods-HW1.debug.xcconfig"; path = "Target Support Files/Pods-HW1/Pods-HW1.debug.xcconfig"; sourceTree = "<group>"; };
		D3E01CCFDB5662D499B39BC1 /* Pods-HW1.release.xcconfig */ = {isa = PBXFileReference; includeInIndex = 1; lastKnownFileType = text.xcconfig; name = "Pods-HW1.release.xcconfig"; path = "Target Support Files/Pods-HW1/Pods-HW1.release.xcconfig"; sourceTree = "<group>"; };
/* End PBXFileReference section */

/* Begin PBXFrameworksBuildPhase section */
		5431FCE529DAD9AA00F20672 /* Frameworks */ = {
			isa = PBXFrameworksBuildPhase;
			buildActionMask = 2147483647;
			files = (
				24AEDB4003E2F8FACA8DC87B /* Pods_HW1.framework in Frameworks */,
			);
			runOnlyForDeploymentPostprocessing = 0;
		};
/* End PBXFrameworksBuildPhase section */

/* Begin PBXGroup section */
		5431FCDF29DAD9AA00F20672 = {
			isa = PBXGroup;
			children = (
				5431FCEA29DAD9AA00F20672 /* HW1 */,
				5431FCE929DAD9AA00F20672 /* Products */,
				7F118050577FBC5657AC16F7 /* Pods */,
				9B48BB5394B6EFD79ED76CFB /* Frameworks */,
			);
			sourceTree = "<group>";
		};
		5431FCE929DAD9AA00F20672 /* Products */ = {
			isa = PBXGroup;
			children = (
				5431FCE829DAD9AA00F20672 /* HW1.app */,
			);
			name = Products;
			sourceTree = "<group>";
		};
		5431FCEA29DAD9AA00F20672 /* HW1 */ = {
			isa = PBXGroup;
			children = (
				5431FCEB29DAD9AA00F20672 /* AppDelegate.swift */,
				5431FCED29DAD9AA00F20672 /* SceneDelegate.swift */,
				5431FCEF29DAD9AA00F20672 /* ViewController.swift */,
				5431FD0329DAE48F00F20672 /* details.swift */,
				5431FCF129DAD9AA00F20672 /* Main.storyboard */,
				5431FCF429DAD9AC00F20672 /* Assets.xcassets */,
				5431FCF629DAD9AC00F20672 /* LaunchScreen.storyboard */,
				5431FCF929DAD9AC00F20672 /* Info.plist */,
				5431FCFF29DADD1700F20672 /* TableViewCell.swift */,
				5431FD0029DADD1700F20672 /* TableViewCell.xib */,
				54C9512529DB0512005C1837 /* SecondViewController.swift */,
			);
			path = HW1;
			sourceTree = "<group>";
		};
		7F118050577FBC5657AC16F7 /* Pods */ = {
			isa = PBXGroup;
			children = (
				6B16A8126166651881686B48 /* Pods-HW1.debug.xcconfig */,
				D3E01CCFDB5662D499B39BC1 /* Pods-HW1.release.xcconfig */,
			);
			path = Pods;
			sourceTree = "<group>";
		};
		9B48BB5394B6EFD79ED76CFB /* Frameworks */ = {
			isa = PBXGroup;
			children = (
				5E54A69D3C912FAEBBB7B56B /* Pods_HW1.framework */,
			);
			name = Frameworks;
			sourceTree = "<group>";
		};
/* End PBXGroup section */

/* Begin PBXNativeTarget section */
		5431FCE729DAD9AA00F20672 /* HW1 */ = {
			isa = PBXNativeTarget;
			buildConfigurationList = 5431FCFC29DAD9AC00F20672 /* Build configuration list for PBXNativeTarget "HW1" */;
			buildPhases = (
				7F1D7E9B0796EED3732AFFA2 /* [CP] Check Pods Manifest.lock */,
				5431FCE429DAD9AA00F20672 /* Sources */,
				5431FCE529DAD9AA00F20672 /* Frameworks */,
				5431FCE629DAD9AA00F20672 /* Resources */,
				9A2F2454DC03A31FAB17E670 /* [CP] Embed Pods Frameworks */,
			);
			buildRules = (
			);
			dependencies = (
			);
			name = HW1;
			productName = HW1;
			productReference = 5431FCE829DAD9AA00F20672 /* HW1.app */;
			productType = "com.apple.product-type.application";
		};
/* End PBXNativeTarget section */

/* Begin PBXProject section */
		5431FCE029DAD9AA00F20672 /* Project object */ = {
			isa = PBXProject;
			attributes = {
				BuildIndependentTargetsInParallel = 1;
				LastSwiftUpdateCheck = 1420;
				LastUpgradeCheck = 1420;
				TargetAttributes = {
					5431FCE729DAD9AA00F20672 = {
						CreatedOnToolsVersion = 14.2;
					};
				};
			};
			buildConfigurationList = 5431FCE329DAD9AA00F20672 /* Build configuration list for PBXProject "HW1" */;
			compatibilityVersion = "Xcode 14.0";
			developmentRegion = en;
			hasScannedForEncodings = 0;
			knownRegions = (
				en,
				Base,
			);
			mainGroup = 5431FCDF29DAD9AA00F20672;
			productRefGroup = 5431FCE929DAD9AA00F20672 /* Products */;
			projectDirPath = "";
			projectRoot = "";
			targets = (
				5431FCE729DAD9AA00F20672 /* HW1 */,
			);
		};
/* End PBXProject section */

/* Begin PBXResourcesBuildPhase section */
		5431FCE629DAD9AA00F20672 /* Resources */ = {
			isa = PBXResourcesBuildPhase;
			buildActionMask = 2147483647;
			files = (
				5431FCF829DAD9AC00F20672 /* LaunchScreen.storyboard in Resources */,
				5431FD0229DADD1700F20672 /* TableViewCell.xib in Resources */,
				5431FCF529DAD9AC00F20672 /* Assets.xcassets in Resources */,
				5431FCF329DAD9AA00F20672 /* Main.storyboard in Resources */,
			);
			runOnlyForDeploymentPostprocessing = 0;
		};
/* End PBXResourcesBuildPhase section */

/* Begin PBXShellScriptBuildPhase section */
		7F1D7E9B0796EED3732AFFA2 /* [CP] Check Pods Manifest.lock */ = {
			isa = PBXShellScriptBuildPhase;
			buildActionMask = 2147483647;
			files = (
			);
			inputFileListPaths = (
			);
			inputPaths = (
				"${PODS_PODFILE_DIR_PATH}/Podfile.lock",
				"${PODS_ROOT}/Manifest.lock",
			);
			name = "[CP] Check Pods Manifest.lock";
			outputFileListPaths = (
			);
			outputPaths = (
				"$(DERIVED_FILE_DIR)/Pods-HW1-checkManifestLockResult.txt",
			);
			runOnlyForDeploymentPostprocessing = 0;
			shellPath = /bin/sh;
			shellScript = "diff \"${PODS_PODFILE_DIR_PATH}/Podfile.lock\" \"${PODS_ROOT}/Manifest.lock\" > /dev/null\nif [ $? != 0 ] ; then\n    # print error to STDERR\n    echo \"error: The sandbox is not in sync with the Podfile.lock. Run 'pod install' or update your CocoaPods installation.\" >&2\n    exit 1\nfi\n# This output is used by Xcode 'outputs' to avoid re-running this script phase.\necho \"SUCCESS\" > \"${SCRIPT_OUTPUT_FILE_0}\"\n";
			showEnvVarsInLog = 0;
		};
		9A2F2454DC03A31FAB17E670 /* [CP] Embed Pods Frameworks */ = {
			isa = PBXShellScriptBuildPhase;
			buildActionMask = 2147483647;
			files = (
			);
			inputFileListPaths = (
				"${PODS_ROOT}/Target Support Files/Pods-HW1/Pods-HW1-frameworks-${CONFIGURATION}-input-files.xcfilelist",
			);
			name = "[CP] Embed Pods Frameworks";
			outputFileListPaths = (
				"${PODS_ROOT}/Target Support Files/Pods-HW1/Pods-HW1-frameworks-${CONFIGURATION}-output-files.xcfilelist",
			);
			runOnlyForDeploymentPostprocessing = 0;
			shellPath = /bin/sh;
			shellScript = "\"${PODS_ROOT}/Target Support Files/Pods-HW1/Pods-HW1-frameworks.sh\"\n";
			showEnvVarsInLog = 0;
		};
/* End PBXShellScriptBuildPhase section */

/* Begin PBXSourcesBuildPhase section */
		5431FCE429DAD9AA00F20672 /* Sources */ = {
			isa = PBXSourcesBuildPhase;
			buildActionMask = 2147483647;
			files = (
				54C9512729DB0512005C1837 /* SecondViewController.swift in Sources */,
				5431FD0429DAE48F00F20672 /* details.swift in Sources */,
				5431FCF029DAD9AA00F20672 /* ViewController.swift in Sources */,
				5431FD0129DADD1700F20672 /* TableViewCell.swift in Sources */,
				5431FCEC29DAD9AA00F20672 /* AppDelegate.swift in Sources */,
				5431FCEE29DAD9AA00F20672 /* SceneDelegate.swift in Sources */,
			);
			runOnlyForDeploymentPostprocessing = 0;
		};
/* End PBXSourcesBuildPhase section */

/* Begin PBXVariantGroup section */
		5431FCF129DAD9AA00F20672 /* Main.storyboard */ = {
			isa = PBXVariantGroup;
			children = (
				5431FCF229DAD9AA00F20672 /* Base */,
			);
			name = Main.storyboard;
			sourceTree = "<group>";
		};
		5431FCF629DAD9AC00F20672 /* LaunchScreen.storyboard */ = {
			isa = PBXVariantGroup;
			children = (
				5431FCF729DAD9AC00F20672 /* Base */,
			);
			name = LaunchScreen.storyboard;
			sourceTree = "<group>";
		};
/* End PBXVariantGroup section */

/* Begin XCBuildConfiguration section */
		5431FCFA29DAD9AC00F20672 /* Debug */ = {
			isa = XCBuildConfiguration;
			buildSettings = {
				ALWAYS_SEARCH_USER_PATHS = NO;
				CLANG_ANALYZER_NONNULL = YES;
				CLANG_ANALYZER_NUMBER_OBJECT_CONVERSION = YES_AGGRESSIVE;
				CLANG_CXX_LANGUAGE_STANDARD = "gnu++20";
				CLANG_ENABLE_MODULES = YES;
				CLANG_ENABLE_OBJC_ARC = YES;
				CLANG_ENABLE_OBJC_WEAK = YES;
				CLANG_WARN_BLOCK_CAPTURE_AUTORELEASING = YES;
				CLANG_WARN_BOOL_CONVERSION = YES;
				CLANG_WARN_COMMA = YES;
				CLANG_WARN_CONSTANT_CONVERSION = YES;
				CLANG_WARN_DEPRECATED_OBJC_IMPLEMENTATIONS = YES;
				CLANG_WARN_DIRECT_OBJC_ISA_USAGE = YES_ERROR;
				CLANG_WARN_DOCUMENTATION_COMMENTS = YES;
				CLANG_WARN_EMPTY_BODY = YES;
				CLANG_WARN_ENUM_CONVERSION = YES;
				CLANG_WARN_INFINITE_RECURSION = YES;
				CLANG_WARN_INT_CONVERSION = YES;
				CLANG_WARN_NON_LITERAL_NULL_CONVERSION = YES;
				CLANG_WARN_OBJC_IMPLICIT_RETAIN_SELF = YES;
				CLANG_WARN_OBJC_LITERAL_CONVERSION = YES;
				CLANG_WARN_OBJC_ROOT_CLASS = YES_ERROR;
				CLANG_WARN_QUOTED_INCLUDE_IN_FRAMEWORK_HEADER = YES;
				CLANG_WARN_RANGE_LOOP_ANALYSIS = YES;
				CLANG_WARN_STRICT_PROTOTYPES = YES;
				CLANG_WARN_SUSPICIOUS_MOVE = YES;
				CLANG_WARN_UNGUARDED_AVAILABILITY = YES_AGGRESSIVE;
				CLANG_WARN_UNREACHABLE_CODE = YES;
				CLANG_WARN__DUPLICATE_METHOD_MATCH = YES;
				COPY_PHASE_STRIP = NO;
				DEBUG_INFORMATION_FORMAT = dwarf;
				ENABLE_STRICT_OBJC_MSGSEND = YES;
				ENABLE_TESTABILITY = YES;
				GCC_C_LANGUAGE_STANDARD = gnu11;
				GCC_DYNAMIC_NO_PIC = NO;
				GCC_NO_COMMON_BLOCKS = YES;
				GCC_OPTIMIZATION_LEVEL = 0;
				GCC_PREPROCESSOR_DEFINITIONS = (
					"DEBUG=1",
					"$(inherited)",
				);
				GCC_WARN_64_TO_32_BIT_CONVERSION = YES;
				GCC_WARN_ABOUT_RETURN_TYPE = YES_ERROR;
				GCC_WARN_UNDECLARED_SELECTOR = YES;
				GCC_WARN_UNINITIALIZED_AUTOS = YES_AGGRESSIVE;
				GCC_WARN_UNUSED_FUNCTION = YES;
				GCC_WARN_UNUSED_VARIABLE = YES;
				IPHONEOS_DEPLOYMENT_TARGET = 16.2;
				MTL_ENABLE_DEBUG_INFO = INCLUDE_SOURCE;
				MTL_FAST_MATH = YES;
				ONLY_ACTIVE_ARCH = YES;
				SDKROOT = iphoneos;
				SWIFT_ACTIVE_COMPILATION_CONDITIONS = DEBUG;
				SWIFT_OPTIMIZATION_LEVEL = "-Onone";
			};
			name = Debug;
		};
		5431FCFB29DAD9AC00F20672 /* Release */ = {
			isa = XCBuildConfiguration;
			buildSettings = {
				ALWAYS_SEARCH_USER_PATHS = NO;
				CLANG_ANALYZER_NONNULL = YES;
				CLANG_ANALYZER_NUMBER_OBJECT_CONVERSION = YES_AGGRESSIVE;
				CLANG_CXX_LANGUAGE_STANDARD = "gnu++20";
				CLANG_ENABLE_MODULES = YES;
				CLANG_ENABLE_OBJC_ARC = YES;
				CLANG_ENABLE_OBJC_WEAK = YES;
				CLANG_WARN_BLOCK_CAPTURE_AUTORELEASING = YES;
				CLANG_WARN_BOOL_CONVERSION = YES;
				CLANG_WARN_COMMA = YES;
				CLANG_WARN_CONSTANT_CONVERSION = YES;
				CLANG_WARN_DEPRECATED_OBJC_IMPLEMENTATIONS = YES;
				CLANG_WARN_DIRECT_OBJC_ISA_USAGE = YES_ERROR;
				CLANG_WARN_DOCUMENTATION_COMMENTS = YES;
				CLANG_WARN_EMPTY_BODY = YES;
				CLANG_WARN_ENUM_CONVERSION = YES;
				CLANG_WARN_INFINITE_RECURSION = YES;
				CLANG_WARN_INT_CONVERSION = YES;
				CLANG_WARN_NON_LITERAL_NULL_CONVERSION = YES;
				CLANG_WARN_OBJC_IMPLICIT_RETAIN_SELF = YES;
				CLANG_WARN_OBJC_LITERAL_CONVERSION = YES;
				CLANG_WARN_OBJC_ROOT_CLASS = YES_ERROR;
				CLANG_WARN_QUOTED_INCLUDE_IN_FRAMEWORK_HEADER = YES;
				CLANG_WARN_RANGE_LOOP_ANALYSIS = YES;
				CLANG_WARN_STRICT_PROTOTYPES = YES;
				CLANG_WARN_SUSPICIOUS_MOVE = YES;
				CLANG_WARN_UNGUARDED_AVAILABILITY = YES_AGGRESSIVE;
				CLANG_WARN_UNREACHABLE_CODE = YES;
				CLANG_WARN__DUPLICATE_METHOD_MATCH = YES;
				COPY_PHASE_STRIP = NO;
				DEBUG_INFORMATION_FORMAT = "dwarf-with-dsym";
				ENABLE_NS_ASSERTIONS = NO;
				ENABLE_STRICT_OBJC_MSGSEND = YES;
				GCC_C_LANGUAGE_STANDARD = gnu11;
				GCC_NO_COMMON_BLOCKS = YES;
				GCC_WARN_64_TO_32_BIT_CONVERSION = YES;
				GCC_WARN_ABOUT_RETURN_TYPE = YES_ERROR;
				GCC_WARN_UNDECLARED_SELECTOR = YES;
				GCC_WARN_UNINITIALIZED_AUTOS = YES_AGGRESSIVE;
				GCC_WARN_UNUSED_FUNCTION = YES;
				GCC_WARN_UNUSED_VARIABLE = YES;
				IPHONEOS_DEPLOYMENT_TARGET = 16.2;
				MTL_ENABLE_DEBUG_INFO = NO;
				MTL_FAST_MATH = YES;
				SDKROOT = iphoneos;
				SWIFT_COMPILATION_MODE = wholemodule;
				SWIFT_OPTIMIZATION_LEVEL = "-O";
				VALIDATE_PRODUCT = YES;
			};
			name = Release;
		};
		5431FCFD29DAD9AC00F20672 /* Debug */ = {
			isa = XCBuildConfiguration;
			baseConfigurationReference = 6B16A8126166651881686B48 /* Pods-HW1.debug.xcconfig */;
			buildSettings = {
				ASSETCATALOG_COMPILER_APPICON_NAME = AppIcon;
				ASSETCATALOG_COMPILER_GLOBAL_ACCENT_COLOR_NAME = AccentColor;
				CODE_SIGN_STYLE = Automatic;
				CURRENT_PROJECT_VERSION = 1;
				DEVELOPMENT_TEAM = 62TCVMA5W3;
				GENERATE_INFOPLIST_FILE = YES;
				INFOPLIST_FILE = HW1/Info.plist;
				INFOPLIST_KEY_UIApplicationSupportsIndirectInputEvents = YES;
				INFOPLIST_KEY_UILaunchStoryboardName = LaunchScreen;
				INFOPLIST_KEY_UIMainStoryboardFile = Main;
				INFOPLIST_KEY_UISupportedInterfaceOrientations_iPad = "UIInterfaceOrientationPortrait UIInterfaceOrientationPortraitUpsideDown UIInterfaceOrientationLandscapeLeft UIInterfaceOrientationLandscapeRight";
				INFOPLIST_KEY_UISupportedInterfaceOrientations_iPhone = "UIInterfaceOrientationPortrait UIInterfaceOrientationLandscapeLeft UIInterfaceOrientationLandscapeRight";
				LD_RUNPATH_SEARCH_PATHS = (
					"$(inherited)",
					"@executable_path/Frameworks",
				);
				MARKETING_VERSION = 1.0;
				PRODUCT_BUNDLE_IDENTIFIER = TNT.HW1;
				PRODUCT_NAME = "$(TARGET_NAME)";
				SWIFT_EMIT_LOC_STRINGS = YES;
				SWIFT_VERSION = 5.0;
				TARGETED_DEVICE_FAMILY = "1,2";
			};
			name = Debug;
		};
		5431FCFE29DAD9AC00F20672 /* Release */ = {
			isa = XCBuildConfiguration;
			baseConfigurationReference = D3E01CCFDB5662D499B39BC1 /* Pods-HW1.release.xcconfig */;
			buildSettings = {
				ASSETCATALOG_COMPILER_APPICON_NAME = AppIcon;
				ASSETCATALOG_COMPILER_GLOBAL_ACCENT_COLOR_NAME = AccentColor;
				CODE_SIGN_STYLE = Automatic;
				CURRENT_PROJECT_VERSION = 1;
				DEVELOPMENT_TEAM = 62TCVMA5W3;
				GENERATE_INFOPLIST_FILE = YES;
				INFOPLIST_FILE = HW1/Info.plist;
				INFOPLIST_KEY_UIApplicationSupportsIndirectInputEvents = YES;
				INFOPLIST_KEY_UILaunchStoryboardName = LaunchScreen;
				INFOPLIST_KEY_UIMainStoryboardFile = Main;
				INFOPLIST_KEY_UISupportedInterfaceOrientations_iPad = "UIInterfaceOrientationPortrait UIInterfaceOrientationPortraitUpsideDown UIInterfaceOrientationLandscapeLeft UIInterfaceOrientationLandscapeRight";
				INFOPLIST_KEY_UISupportedInterfaceOrientations_iPhone = "UIInterfaceOrientationPortrait UIInterfaceOrientationLandscapeLeft UIInterfaceOrientationLandscapeRight";
				LD_RUNPATH_SEARCH_PATHS = (
					"$(inherited)",
					"@executable_path/Frameworks",
				);
				MARKETING_VERSION = 1.0;
				PRODUCT_BUNDLE_IDENTIFIER = TNT.HW1;
				PRODUCT_NAME = "$(TARGET_NAME)";
				SWIFT_EMIT_LOC_STRINGS = YES;
				SWIFT_VERSION = 5.0;
				TARGETED_DEVICE_FAMILY = "1,2";
			};
			name = Release;
		};
/* End XCBuildConfiguration section */

/* Begin XCConfigurationList section */
		5431FCE329DAD9AA00F20672 /* Build configuration list for PBXProject "HW1" */ = {
			isa = XCConfigurationList;
			buildConfigurations = (
				5431FCFA29DAD9AC00F20672 /* Debug */,
				5431FCFB29DAD9AC00F20672 /* Release */,
			);
			defaultConfigurationIsVisible = 0;
			defaultConfigurationName = Release;
		};
		5431FCFC29DAD9AC00F20672 /* Build configuration list for PBXNativeTarget "HW1" */ = {
			isa = XCConfigurationList;
			buildConfigurations = (
				5431FCFD29DAD9AC00F20672 /* Debug */,
				5431FCFE29DAD9AC00F20672 /* Release */,
			);
			defaultConfigurationIsVisible = 0;
			defaultConfigurationName = Release;
		};
/* End XCConfigurationList section */
	};
	rootObject = 5431FCE029DAD9AA00F20672 /* Project object */;
}
